# This file is automatically @generated by Cargo.
# It is not intended for manual editing.
version = 4

[[package]]
name = "stoffbuch"
version = "0.0.0"

[[package]]
name = "stoffbuch-cli"
version = "0.0.0"
dependencies = [
 "stoffbuch",
 "stoffbuch-eval",
 "stoffbuch-gate",
]

[[package]]
name = "stoffbuch-eval"
version = "0.0.0"
dependencies = [
 "stoffbuch",
]

[[package]]
name = "stoffbuch-gate"
version = "0.0.0"
dependencies = [
 "stoffbuch",
 "stoffbuch-schema",
]

[[package]]
name = "stoffbuch-schema"
version = "0.0.0"
dependencies = [
 "stoffbuch",
]
